
Microsoft Visual Studio Solution File, Format Version 12.00
# Visual Studio 15
VisualStudioVersion = 15.0.28307.421
MinimumVisualStudioVersion = 10.0.40219.1
Project("{FAE04EC0-301F-11D3-BF4B-00C04F79EFBC}") = "kophibuck", "kophibuck\kophibuck.csproj", "{58F52DBF-013B-48F3-9CB9-D58632F15694}"
EndProject
Global
	GlobalSection(SolutionConfigurationPlatforms) = preSolution
		Debug|Any CPU = Debug|Any CPU
		Release|Any CPU = Release|Any CPU
	EndGlobalSection
	GlobalSection(ProjectConfigurationPlatforms) = postSolution
		{58F52DBF-013B-48F3-9CB9-D58632F15694}.Debug|Any CPU.ActiveCfg = Debug|Any CPU
		{58F52DBF-013B-48F3-9CB9-D58632F15694}.Debug|Any CPU.Build.0 = Debug|Any CPU
		{58F52DBF-013B-48F3-9CB9-D58632F15694}.Release|Any CPU.ActiveCfg = Release|Any CPU
		{58F52DBF-013B-48F3-9CB9-D58632F15694}.Release|Any CPU.Build.0 = Release|Any CPU
	EndGlobalSection
	GlobalSection(SolutionProperties) = preSolution
		HideSolutionNode = FALSE
	EndGlobalSection
	GlobalSection(ExtensibilityGlobals) = postSolution
		SolutionGuid = {AB4C3095-B5E6-4034-8365-49985D491411}
	EndGlobalSection
EndGlobal
